// !$*UTF8*$!
{
	archiveVersion = 1;
	classes = {
	};
	objectVersion = 50;
	objects = {

/* Begin PBXBuildFile section */
		BC346E0626F3242000E77453 /* SDL2_image.framework in Frameworks */ = {isa = PBXBuildFile; fileRef = BC346DEA26F31F7300E77453 /* SDL2_image.framework */; };
		BC346E0926F3242300E77453 /* SDL2_mixer.framework in Frameworks */ = {isa = PBXBuildFile; fileRef = BC346DE926F31F7300E77453 /* SDL2_mixer.framework */; };
		BC346E0B26F3242400E77453 /* SDL2.framework in Frameworks */ = {isa = PBXBuildFile; fileRef = BC346DE826F31F7300E77453 /* SDL2.framework */; };
		BC346E0E26F324A800E77453 /* Game.cpp in Sources */ = {isa = PBXBuildFile; fileRef = BCF87B5326EA159800931C46 /* Game.cpp */; };
		BC346E1026F324A800E77453 /* main.cpp in Sources */ = {isa = PBXBuildFile; fileRef = BCF87B5126EA159800931C46 /* main.cpp */; };
		BC346E1126F324A800E77453 /* Player.cpp in Sources */ = {isa = PBXBuildFile; fileRef = BCF87B5526EA159800931C46 /* Player.cpp */; };
		BC346E1226F324A800E77453 /* Texture.cpp in Sources */ = {isa = PBXBuildFile; fileRef = BCF87B9826EA382300931C46 /* Texture.cpp */; };
		BC346E1326F324A800E77453 /* Bullet.cpp in Sources */ = {isa = PBXBuildFile; fileRef = BCE3F38D26EC7112000FE76B /* Bullet.cpp */; };
		BC346E1426F324A800E77453 /* Obstacle.cpp in Sources */ = {isa = PBXBuildFile; fileRef = BC39BCC426EDFFFC0084BD53 /* Obstacle.cpp */; };
		BC346E1526F324A800E77453 /* Map.cpp in Sources */ = {isa = PBXBuildFile; fileRef = BCCAAA3B26F1F7DA00BDF1B4 /* Map.cpp */; };
		BC346E1626F324A800E77453 /* Music.cpp in Sources */ = {isa = PBXBuildFile; fileRef = BCCAAA4626F220A900BDF1B4 /* Music.cpp */; };
		BC37333A26F4CC89006775EE /* SDL2_image.framework in Frameworks */ = {isa = PBXBuildFile; fileRef = BC346DEA26F31F7300E77453 /* SDL2_image.framework */; };
		BC37333B26F4CC89006775EE /* SDL2_image.framework in Embed Frameworks */ = {isa = PBXBuildFile; fileRef = BC346DEA26F31F7300E77453 /* SDL2_image.framework */; settings = {ATTRIBUTES = (CodeSignOnCopy, RemoveHeadersOnCopy, ); }; };
		BC37333C26F4CC89006775EE /* SDL2_mixer.framework in Frameworks */ = {isa = PBXBuildFile; fileRef = BC346DE926F31F7300E77453 /* SDL2_mixer.framework */; };
		BC37333D26F4CC89006775EE /* SDL2_mixer.framework in Embed Frameworks */ = {isa = PBXBuildFile; fileRef = BC346DE926F31F7300E77453 /* SDL2_mixer.framework */; settings = {ATTRIBUTES = (CodeSignOnCopy, RemoveHeadersOnCopy, ); }; };
		BC37333E26F4CC89006775EE /* SDL2.framework in Frameworks */ = {isa = PBXBuildFile; fileRef = BC346DE826F31F7300E77453 /* SDL2.framework */; };
		BC37333F26F4CC89006775EE /* SDL2.framework in Embed Frameworks */ = {isa = PBXBuildFile; fileRef = BC346DE826F31F7300E77453 /* SDL2.framework */; settings = {ATTRIBUTES = (CodeSignOnCopy, RemoveHeadersOnCopy, ); }; };
		BC37334926F4D93D006775EE /* Sprite.cpp in Sources */ = {isa = PBXBuildFile; fileRef = BC37334726F4D93D006775EE /* Sprite.cpp */; };
		BCF87B8D26EA1C7F00931C46 /* main.cpp in Sources */ = {isa = PBXBuildFile; fileRef = BCF87B8C26EA1C7F00931C46 /* main.cpp */; };
		BCFCB15C26F5BEC8000B54FA /* Assets.cpp in Sources */ = {isa = PBXBuildFile; fileRef = BCFCB15A26F5BEC8000B54FA /* Assets.cpp */; };
/* End PBXBuildFile section */

/* Begin PBXCopyFilesBuildPhase section */
		BC3B6BD826B72AD20075123C /* CopyFiles */ = {
			isa = PBXCopyFilesBuildPhase;
			buildActionMask = 2147483647;
			dstPath = usr/share/man/man1;
			dstSubfolderSpec = 7;
			files = (
			);
			runOnlyForDeploymentPostprocessing = 1;
		};
		BCF87B8826EA1C7F00931C46 /* CopyFiles */ = {
			isa = PBXCopyFilesBuildPhase;
			buildActionMask = 2147483647;
			dstPath = /usr/share/man/man1/;
			dstSubfolderSpec = 0;
			files = (
			);
			runOnlyForDeploymentPostprocessing = 1;
		};
		BCF87B9526EA1CAA00931C46 /* Embed Frameworks */ = {
			isa = PBXCopyFilesBuildPhase;
			buildActionMask = 2147483647;
			dstPath = "";
			dstSubfolderSpec = 10;
			files = (
				BC37333F26F4CC89006775EE /* SDL2.framework in Embed Frameworks */,
				BC37333B26F4CC89006775EE /* SDL2_image.framework in Embed Frameworks */,
				BC37333D26F4CC89006775EE /* SDL2_mixer.framework in Embed Frameworks */,
			);
			name = "Embed Frameworks";
			runOnlyForDeploymentPostprocessing = 0;
		};
/* End PBXCopyFilesBuildPhase section */

/* Begin PBXFileReference section */
		BC346DE826F31F7300E77453 /* SDL2.framework */ = {isa = PBXFileReference; lastKnownFileType = wrapper.framework; name = SDL2.framework; path = CPP/libs/SDL2.framework; sourceTree = "<group>"; };
		BC346DE926F31F7300E77453 /* SDL2_mixer.framework */ = {isa = PBXFileReference; lastKnownFileType = wrapper.framework; name = SDL2_mixer.framework; path = CPP/libs/SDL2_mixer.framework; sourceTree = "<group>"; };
		BC346DEA26F31F7300E77453 /* SDL2_image.framework */ = {isa = PBXFileReference; lastKnownFileType = wrapper.framework; name = SDL2_image.framework; path = CPP/libs/SDL2_image.framework; sourceTree = "<group>"; };
		BC37334726F4D93D006775EE /* Sprite.cpp */ = {isa = PBXFileReference; lastKnownFileType = sourcecode.cpp.cpp; path = Sprite.cpp; sourceTree = "<group>"; };
		BC37334826F4D93D006775EE /* Sprite.hpp */ = {isa = PBXFileReference; lastKnownFileType = sourcecode.cpp.h; path = Sprite.hpp; sourceTree = "<group>"; };
		BC39BCC426EDFFFC0084BD53 /* Obstacle.cpp */ = {isa = PBXFileReference; lastKnownFileType = sourcecode.cpp.cpp; path = Obstacle.cpp; sourceTree = "<group>"; };
		BC39BCC526EDFFFC0084BD53 /* Obstacle.hpp */ = {isa = PBXFileReference; lastKnownFileType = sourcecode.cpp.h; path = Obstacle.hpp; sourceTree = "<group>"; };
		BC3B6BDA26B72AD20075123C /* CPP */ = {isa = PBXFileReference; explicitFileType = "compiled.mach-o.executable"; includeInIndex = 0; path = CPP; sourceTree = BUILT_PRODUCTS_DIR; };
		BCCAAA3B26F1F7DA00BDF1B4 /* Map.cpp */ = {isa = PBXFileReference; lastKnownFileType = sourcecode.cpp.cpp; path = Map.cpp; sourceTree = "<group>"; };
		BCCAAA3C26F1F7DA00BDF1B4 /* Map.hpp */ = {isa = PBXFileReference; lastKnownFileType = sourcecode.cpp.h; path = Map.hpp; sourceTree = "<group>"; };
		BCCAAA4626F220A900BDF1B4 /* Music.cpp */ = {isa = PBXFileReference; lastKnownFileType = sourcecode.cpp.cpp; path = Music.cpp; sourceTree = "<group>"; };
		BCCAAA4726F220A900BDF1B4 /* Music.hpp */ = {isa = PBXFileReference; lastKnownFileType = sourcecode.cpp.h; path = Music.hpp; sourceTree = "<group>"; };
		BCE3F38D26EC7112000FE76B /* Bullet.cpp */ = {isa = PBXFileReference; lastKnownFileType = sourcecode.cpp.cpp; path = Bullet.cpp; sourceTree = "<group>"; };
		BCE3F38E26EC7112000FE76B /* Bullet.hpp */ = {isa = PBXFileReference; lastKnownFileType = sourcecode.cpp.h; path = Bullet.hpp; sourceTree = "<group>"; };
		BCF658D126F6251900175CD9 /* ECS */ = {isa = PBXFileReference; lastKnownFileType = folder; path = ECS; sourceTree = "<group>"; };
		BCF658D226F6252C00175CD9 /* CPP */ = {isa = PBXFileReference; lastKnownFileType = folder; name = CPP; sourceTree = "<group>"; };
		BCF658D526F6258000175CD9 /* ECS.hpp */ = {isa = PBXFileReference; lastKnownFileType = sourcecode.cpp.h; name = ECS.hpp; path = ECS/ECS.hpp; sourceTree = "<group>"; };
		BCF658D726F6280E00175CD9 /* Entity.hpp */ = {isa = PBXFileReference; lastKnownFileType = sourcecode.cpp.h; name = Entity.hpp; path = ECS/Entity.hpp; sourceTree = "<group>"; };
		BCF658DD26F6757600175CD9 /* Transform.hpp */ = {isa = PBXFileReference; lastKnownFileType = sourcecode.cpp.h; name = Transform.hpp; path = ECS/Transform.hpp; sourceTree = "<group>"; };
		BCF658DE26F6760800175CD9 /* Vector2D.hpp */ = {isa = PBXFileReference; lastKnownFileType = sourcecode.cpp.h; name = Vector2D.hpp; path = ECS/Vector2D.hpp; sourceTree = "<group>"; };
		BCF87B5126EA159800931C46 /* main.cpp */ = {isa = PBXFileReference; fileEncoding = 4; lastKnownFileType = sourcecode.cpp.cpp; path = main.cpp; sourceTree = "<group>"; };
		BCF87B5226EA159800931C46 /* GlobalHeader.h */ = {isa = PBXFileReference; fileEncoding = 4; lastKnownFileType = sourcecode.c.h; path = GlobalHeader.h; sourceTree = "<group>"; };
		BCF87B5326EA159800931C46 /* Game.cpp */ = {isa = PBXFileReference; fileEncoding = 4; lastKnownFileType = sourcecode.cpp.cpp; path = Game.cpp; sourceTree = "<group>"; };
		BCF87B5426EA159800931C46 /* Game.hpp */ = {isa = PBXFileReference; fileEncoding = 4; lastKnownFileType = sourcecode.cpp.h; path = Game.hpp; sourceTree = "<group>"; };
		BCF87B5526EA159800931C46 /* Player.cpp */ = {isa = PBXFileReference; fileEncoding = 4; lastKnownFileType = sourcecode.cpp.cpp; path = Player.cpp; sourceTree = "<group>"; };
		BCF87B5626EA159800931C46 /* Player.hpp */ = {isa = PBXFileReference; fileEncoding = 4; lastKnownFileType = sourcecode.cpp.h; path = Player.hpp; sourceTree = "<group>"; };
		BCF87B8A26EA1C7F00931C46 /* Test */ = {isa = PBXFileReference; explicitFileType = "compiled.mach-o.executable"; includeInIndex = 0; path = Test; sourceTree = BUILT_PRODUCTS_DIR; };
		BCF87B8C26EA1C7F00931C46 /* main.cpp */ = {isa = PBXFileReference; lastKnownFileType = sourcecode.cpp.cpp; path = main.cpp; sourceTree = "<group>"; };
		BCF87B9726EA1D1C00931C46 /* Test.entitlements */ = {isa = PBXFileReference; lastKnownFileType = text.plist.entitlements; path = Test.entitlements; sourceTree = "<group>"; };
		BCF87B9826EA382300931C46 /* Texture.cpp */ = {isa = PBXFileReference; lastKnownFileType = sourcecode.cpp.cpp; path = Texture.cpp; sourceTree = "<group>"; };
		BCF87B9926EA382300931C46 /* Texture.hpp */ = {isa = PBXFileReference; lastKnownFileType = sourcecode.cpp.h; path = Texture.hpp; sourceTree = "<group>"; };
		BCFCB15A26F5BEC8000B54FA /* Assets.cpp */ = {isa = PBXFileReference; lastKnownFileType = sourcecode.cpp.cpp; path = Assets.cpp; sourceTree = "<group>"; };
		BCFCB15B26F5BEC8000B54FA /* Assets.hpp */ = {isa = PBXFileReference; lastKnownFileType = sourcecode.cpp.h; path = Assets.hpp; sourceTree = "<group>"; };
/* End PBXFileReference section */

/* Begin PBXFrameworksBuildPhase section */
		BC3B6BD726B72AD20075123C /* Frameworks */ = {
			isa = PBXFrameworksBuildPhase;
			buildActionMask = 2147483647;
			files = (
				BC346E0B26F3242400E77453 /* SDL2.framework in Frameworks */,
				BC346E0926F3242300E77453 /* SDL2_mixer.framework in Frameworks */,
				BC346E0626F3242000E77453 /* SDL2_image.framework in Frameworks */,
			);
			runOnlyForDeploymentPostprocessing = 0;
		};
		BCF87B8726EA1C7F00931C46 /* Frameworks */ = {
			isa = PBXFrameworksBuildPhase;
			buildActionMask = 2147483647;
			files = (
				BC37333E26F4CC89006775EE /* SDL2.framework in Frameworks */,
				BC37333A26F4CC89006775EE /* SDL2_image.framework in Frameworks */,
				BC37333C26F4CC89006775EE /* SDL2_mixer.framework in Frameworks */,
			);
			runOnlyForDeploymentPostprocessing = 0;
		};
/* End PBXFrameworksBuildPhase section */

/* Begin PBXGroup section */
		BC3B6BD126B72AD20075123C = {
			isa = PBXGroup;
			children = (
				BC3B6BDC26B72AD20075123C /* CPP */,
				BCF87B8B26EA1C7F00931C46 /* Test */,
				BC3B6BDB26B72AD20075123C /* Products */,
				BCBF780826B7D32700C4D124 /* Frameworks */,
			);
			sourceTree = "<group>";
		};
		BC3B6BDB26B72AD20075123C /* Products */ = {
			isa = PBXGroup;
			children = (
				BC3B6BDA26B72AD20075123C /* CPP */,
				BCF87B8A26EA1C7F00931C46 /* Test */,
			);
			name = Products;
			sourceTree = "<group>";
		};
		BC3B6BDC26B72AD20075123C /* CPP */ = {
			isa = PBXGroup;
			children = (
				BCF658D226F6252C00175CD9 /* CPP */,
				BCF658D126F6251900175CD9 /* ECS */,
				BCF87B5326EA159800931C46 /* Game.cpp */,
				BCF87B5426EA159800931C46 /* Game.hpp */,
				BCF87B5226EA159800931C46 /* GlobalHeader.h */,
				BCF87B5126EA159800931C46 /* main.cpp */,
				BCF87B5526EA159800931C46 /* Player.cpp */,
				BCF87B5626EA159800931C46 /* Player.hpp */,
				BCF87B9826EA382300931C46 /* Texture.cpp */,
				BCF87B9926EA382300931C46 /* Texture.hpp */,
				BCE3F38D26EC7112000FE76B /* Bullet.cpp */,
				BCE3F38E26EC7112000FE76B /* Bullet.hpp */,
				BC39BCC426EDFFFC0084BD53 /* Obstacle.cpp */,
				BC39BCC526EDFFFC0084BD53 /* Obstacle.hpp */,
				BCCAAA3B26F1F7DA00BDF1B4 /* Map.cpp */,
				BCCAAA3C26F1F7DA00BDF1B4 /* Map.hpp */,
				BCCAAA4626F220A900BDF1B4 /* Music.cpp */,
				BCCAAA4726F220A900BDF1B4 /* Music.hpp */,
				BC37334726F4D93D006775EE /* Sprite.cpp */,
				BC37334826F4D93D006775EE /* Sprite.hpp */,
				BCFCB15A26F5BEC8000B54FA /* Assets.cpp */,
				BCFCB15B26F5BEC8000B54FA /* Assets.hpp */,
				BCF658D526F6258000175CD9 /* ECS.hpp */,
				BCF658D726F6280E00175CD9 /* Entity.hpp */,
				BCF658DD26F6757600175CD9 /* Transform.hpp */,
				BCF658DE26F6760800175CD9 /* Vector2D.hpp */,
			);
			path = CPP;
			sourceTree = "<group>";
		};
		BCBF780826B7D32700C4D124 /* Frameworks */ = {
			isa = PBXGroup;
			children = (
				BC346DEA26F31F7300E77453 /* SDL2_image.framework */,
				BC346DE926F31F7300E77453 /* SDL2_mixer.framework */,
				BC346DE826F31F7300E77453 /* SDL2.framework */,
			);
			name = Frameworks;
			sourceTree = "<group>";
		};
		BCF87B8B26EA1C7F00931C46 /* Test */ = {
			isa = PBXGroup;
			children = (
				BCF87B9726EA1D1C00931C46 /* Test.entitlements */,
				BCF87B8C26EA1C7F00931C46 /* main.cpp */,
			);
			path = Test;
			sourceTree = "<group>";
		};
/* End PBXGroup section */

/* Begin PBXNativeTarget section */
		BC3B6BD926B72AD20075123C /* CPP */ = {
			isa = PBXNativeTarget;
			buildConfigurationList = BC3B6BE126B72AD20075123C /* Build configuration list for PBXNativeTarget "CPP" */;
			buildPhases = (
				BC3B6BD626B72AD20075123C /* Sources */,
				BC3B6BD726B72AD20075123C /* Frameworks */,
				BC3B6BD826B72AD20075123C /* CopyFiles */,
			);
			buildRules = (
			);
			dependencies = (
			);
			name = CPP;
			productName = CPP;
			productReference = BC3B6BDA26B72AD20075123C /* CPP */;
			productType = "com.apple.product-type.tool";
		};
		BCF87B8926EA1C7F00931C46 /* Test */ = {
			isa = PBXNativeTarget;
			buildConfigurationList = BCF87B8E26EA1C7F00931C46 /* Build configuration list for PBXNativeTarget "Test" */;
			buildPhases = (
				BCF87B8626EA1C7F00931C46 /* Sources */,
				BCF87B8726EA1C7F00931C46 /* Frameworks */,
				BCF87B8826EA1C7F00931C46 /* CopyFiles */,
				BCF87B9526EA1CAA00931C46 /* Embed Frameworks */,
			);
			buildRules = (
			);
			dependencies = (
			);
			name = Test;
			productName = Test;
			productReference = BCF87B8A26EA1C7F00931C46 /* Test */;
			productType = "com.apple.product-type.tool";
		};
/* End PBXNativeTarget section */

/* Begin PBXProject section */
		BC3B6BD226B72AD20075123C /* Project object */ = {
			isa = PBXProject;
			attributes = {
				LastUpgradeCheck = 1240;
				TargetAttributes = {
					BC3B6BD926B72AD20075123C = {
						CreatedOnToolsVersion = 12.4;
					};
					BCF87B8926EA1C7F00931C46 = {
						CreatedOnToolsVersion = 12.5.1;
					};
				};
			};
			buildConfigurationList = BC3B6BD526B72AD20075123C /* Build configuration list for PBXProject "CPP" */;
			compatibilityVersion = "Xcode 9.3";
			developmentRegion = en;
			hasScannedForEncodings = 0;
			knownRegions = (
				en,
				Base,
			);
			mainGroup = BC3B6BD126B72AD20075123C;
			productRefGroup = BC3B6BDB26B72AD20075123C /* Products */;
			projectDirPath = "";
			projectRoot = "";
			targets = (
				BC3B6BD926B72AD20075123C /* CPP */,
				BCF87B8926EA1C7F00931C46 /* Test */,
			);
		};
/* End PBXProject section */

/* Begin PBXSourcesBuildPhase section */
		BC3B6BD626B72AD20075123C /* Sources */ = {
			isa = PBXSourcesBuildPhase;
			buildActionMask = 2147483647;
			files = (
				BC346E0E26F324A800E77453 /* Game.cpp in Sources */,
				BC346E1026F324A800E77453 /* main.cpp in Sources */,
				BC37334926F4D93D006775EE /* Sprite.cpp in Sources */,
				BC346E1126F324A800E77453 /* Player.cpp in Sources */,
				BC346E1226F324A800E77453 /* Texture.cpp in Sources */,
				BC346E1326F324A800E77453 /* Bullet.cpp in Sources */,
				BC346E1426F324A800E77453 /* Obstacle.cpp in Sources */,
				BC346E1526F324A800E77453 /* Map.cpp in Sources */,
				BCFCB15C26F5BEC8000B54FA /* Assets.cpp in Sources */,
				BC346E1626F324A800E77453 /* Music.cpp in Sources */,
			);
			runOnlyForDeploymentPostprocessing = 0;
		};
		BCF87B8626EA1C7F00931C46 /* Sources */ = {
			isa = PBXSourcesBuildPhase;
			buildActionMask = 2147483647;
			files = (
				BCF87B8D26EA1C7F00931C46 /* main.cpp in Sources */,
			);
			runOnlyForDeploymentPostprocessing = 0;
		};
/* End PBXSourcesBuildPhase section */

/* Begin XCBuildConfiguration section */
		BC3B6BDF26B72AD20075123C /* Debug */ = {
			isa = XCBuildConfiguration;
			buildSettings = {
				ALWAYS_SEARCH_USER_PATHS = YES;
				CLANG_ANALYZER_NONNULL = YES;
				CLANG_ANALYZER_NUMBER_OBJECT_CONVERSION = YES_AGGRESSIVE;
				CLANG_CXX_LANGUAGE_STANDARD = "gnu++14";
				CLANG_CXX_LIBRARY = "libc++";
				CLANG_ENABLE_MODULES = YES;
				CLANG_ENABLE_OBJC_ARC = YES;
				CLANG_ENABLE_OBJC_WEAK = YES;
				CLANG_WARN_BLOCK_CAPTURE_AUTORELEASING = YES;
				CLANG_WARN_BOOL_CONVERSION = YES;
				CLANG_WARN_COMMA = YES;
				CLANG_WARN_CONSTANT_CONVERSION = YES;
				CLANG_WARN_DEPRECATED_OBJC_IMPLEMENTATIONS = YES;
				CLANG_WARN_DIRECT_OBJC_ISA_USAGE = YES_ERROR;
				CLANG_WARN_DOCUMENTATION_COMMENTS = YES;
				CLANG_WARN_EMPTY_BODY = YES;
				CLANG_WARN_ENUM_CONVERSION = YES;
				CLANG_WARN_INFINITE_RECURSION = YES;
				CLANG_WARN_INT_CONVERSION = YES;
				CLANG_WARN_NON_LITERAL_NULL_CONVERSION = YES;
				CLANG_WARN_OBJC_IMPLICIT_RETAIN_SELF = YES;
				CLANG_WARN_OBJC_LITERAL_CONVERSION = YES;
				CLANG_WARN_OBJC_ROOT_CLASS = YES_ERROR;
				CLANG_WARN_QUOTED_INCLUDE_IN_FRAMEWORK_HEADER = YES;
				CLANG_WARN_RANGE_LOOP_ANALYSIS = YES;
				CLANG_WARN_STRICT_PROTOTYPES = YES;
				CLANG_WARN_SUSPICIOUS_MOVE = YES;
				CLANG_WARN_UNGUARDED_AVAILABILITY = YES_AGGRESSIVE;
				CLANG_WARN_UNREACHABLE_CODE = YES;
				CLANG_WARN__DUPLICATE_METHOD_MATCH = YES;
				COPY_PHASE_STRIP = NO;
				DEBUG_INFORMATION_FORMAT = dwarf;
				ENABLE_STRICT_OBJC_MSGSEND = YES;
				ENABLE_TESTABILITY = YES;
				FRAMEWORK_SEARCH_PATHS = "$(PROJECT_DIR)/Test/libs/**";
				GCC_C_LANGUAGE_STANDARD = gnu11;
				GCC_DYNAMIC_NO_PIC = NO;
				GCC_NO_COMMON_BLOCKS = YES;
				GCC_OPTIMIZATION_LEVEL = 0;
				GCC_PREPROCESSOR_DEFINITIONS = (
					"DEBUG=1",
					"$(inherited)",
				);
				GCC_WARN_64_TO_32_BIT_CONVERSION = YES;
				GCC_WARN_ABOUT_RETURN_TYPE = YES_ERROR;
				GCC_WARN_UNDECLARED_SELECTOR = YES;
				GCC_WARN_UNINITIALIZED_AUTOS = YES_AGGRESSIVE;
				GCC_WARN_UNUSED_FUNCTION = YES;
				GCC_WARN_UNUSED_VARIABLE = YES;
				HEADER_SEARCH_PATHS = "";
				LIBRARY_SEARCH_PATHS = "";
				MACOSX_DEPLOYMENT_TARGET = 11.1;
				MTL_ENABLE_DEBUG_INFO = INCLUDE_SOURCE;
				MTL_FAST_MATH = YES;
				ONLY_ACTIVE_ARCH = YES;
				OTHER_CODE_SIGN_FLAGS = "--deep";
				SDKROOT = macosx;
				SYSTEM_FRAMEWORK_SEARCH_PATHS = "";
				SYSTEM_HEADER_SEARCH_PATHS = "";
				USE_HEADERMAP = YES;
			};
			name = Debug;
		};
		BC3B6BE026B72AD20075123C /* Release */ = {
			isa = XCBuildConfiguration;
			buildSettings = {
				ALWAYS_SEARCH_USER_PATHS = YES;
				CLANG_ANALYZER_NONNULL = YES;
				CLANG_ANALYZER_NUMBER_OBJECT_CONVERSION = YES_AGGRESSIVE;
				CLANG_CXX_LANGUAGE_STANDARD = "gnu++14";
				CLANG_CXX_LIBRARY = "libc++";
				CLANG_ENABLE_MODULES = YES;
				CLANG_ENABLE_OBJC_ARC = YES;
				CLANG_ENABLE_OBJC_WEAK = YES;
				CLANG_WARN_BLOCK_CAPTURE_AUTORELEASING = YES;
				CLANG_WARN_BOOL_CONVERSION = YES;
				CLANG_WARN_COMMA = YES;
				CLANG_WARN_CONSTANT_CONVERSION = YES;
				CLANG_WARN_DEPRECATED_OBJC_IMPLEMENTATIONS = YES;
				CLANG_WARN_DIRECT_OBJC_ISA_USAGE = YES_ERROR;
				CLANG_WARN_DOCUMENTATION_COMMENTS = YES;
				CLANG_WARN_EMPTY_BODY = YES;
				CLANG_WARN_ENUM_CONVERSION = YES;
				CLANG_WARN_INFINITE_RECURSION = YES;
				CLANG_WARN_INT_CONVERSION = YES;
				CLANG_WARN_NON_LITERAL_NULL_CONVERSION = YES;
				CLANG_WARN_OBJC_IMPLICIT_RETAIN_SELF = YES;
				CLANG_WARN_OBJC_LITERAL_CONVERSION = YES;
				CLANG_WARN_OBJC_ROOT_CLASS = YES_ERROR;
				CLANG_WARN_QUOTED_INCLUDE_IN_FRAMEWORK_HEADER = YES;
				CLANG_WARN_RANGE_LOOP_ANALYSIS = YES;
				CLANG_WARN_STRICT_PROTOTYPES = YES;
				CLANG_WARN_SUSPICIOUS_MOVE = YES;
				CLANG_WARN_UNGUARDED_AVAILABILITY = YES_AGGRESSIVE;
				CLANG_WARN_UNREACHABLE_CODE = YES;
				CLANG_WARN__DUPLICATE_METHOD_MATCH = YES;
				COPY_PHASE_STRIP = NO;
				DEBUG_INFORMATION_FORMAT = "dwarf-with-dsym";
				ENABLE_NS_ASSERTIONS = NO;
				ENABLE_STRICT_OBJC_MSGSEND = YES;
				FRAMEWORK_SEARCH_PATHS = "$(PROJECT_DIR)/Test/libs/**";
				GCC_C_LANGUAGE_STANDARD = gnu11;
				GCC_NO_COMMON_BLOCKS = YES;
				GCC_WARN_64_TO_32_BIT_CONVERSION = YES;
				GCC_WARN_ABOUT_RETURN_TYPE = YES_ERROR;
				GCC_WARN_UNDECLARED_SELECTOR = YES;
				GCC_WARN_UNINITIALIZED_AUTOS = YES_AGGRESSIVE;
				GCC_WARN_UNUSED_FUNCTION = YES;
				GCC_WARN_UNUSED_VARIABLE = YES;
				HEADER_SEARCH_PATHS = "";
				LIBRARY_SEARCH_PATHS = "";
				MACOSX_DEPLOYMENT_TARGET = 11.1;
				MTL_ENABLE_DEBUG_INFO = NO;
				MTL_FAST_MATH = YES;
				OTHER_CODE_SIGN_FLAGS = "--deep";
				SDKROOT = macosx;
				SYSTEM_FRAMEWORK_SEARCH_PATHS = "";
				SYSTEM_HEADER_SEARCH_PATHS = "";
				USE_HEADERMAP = YES;
			};
			name = Release;
		};
		BC3B6BE226B72AD20075123C /* Debug */ = {
			isa = XCBuildConfiguration;
			buildSettings = {
				ALWAYS_SEARCH_USER_PATHS = NO;
				CLANG_WARN_QUOTED_INCLUDE_IN_FRAMEWORK_HEADER = YES;
				CODE_SIGN_IDENTITY = "-";
				CODE_SIGN_STYLE = Automatic;
				DEVELOPMENT_ASSET_PATHS = "";
				DEVELOPMENT_TEAM = 7ZHQZR3FTK;
				EXCLUDED_ARCHS = arm64;
				FRAMEWORK_SEARCH_PATHS = (
					"$(PROJECT_DIR)/CPP/libs/**",
					"$(inherited)/**",
					"$(PROJECT_DIR)/CPP/libs",
				);
				HEADER_SEARCH_PATHS = "";
				INCLUDED_RECURSIVE_SEARCH_PATH_SUBDIRECTORIES = "";
				LIBRARY_SEARCH_PATHS = "";
				MACOSX_DEPLOYMENT_TARGET = 11.1;
				OTHER_CODE_SIGN_FLAGS = "--deep";
				PRODUCT_BUNDLE_IDENTIFIER = com.bao;
				PRODUCT_NAME = "$(TARGET_NAME)";
				REZ_SEARCH_PATHS = "";
				SYSTEM_FRAMEWORK_SEARCH_PATHS = "";
				SYSTEM_HEADER_SEARCH_PATHS = "";
				USER_HEADER_SEARCH_PATHS = "";
			};
			name = Debug;
		};
		BC3B6BE326B72AD20075123C /* Release */ = {
			isa = XCBuildConfiguration;
			buildSettings = {
				ALWAYS_SEARCH_USER_PATHS = NO;
				CLANG_WARN_QUOTED_INCLUDE_IN_FRAMEWORK_HEADER = YES;
				CODE_SIGN_IDENTITY = "-";
				CODE_SIGN_STYLE = Automatic;
				DEVELOPMENT_ASSET_PATHS = "";
				DEVELOPMENT_TEAM = 7ZHQZR3FTK;
				EXCLUDED_ARCHS = arm64;
				FRAMEWORK_SEARCH_PATHS = (
					"$(PROJECT_DIR)/CPP/libs/**",
					"$(inherited)/**",
					"$(PROJECT_DIR)/CPP/libs",
				);
				HEADER_SEARCH_PATHS = "";
				INCLUDED_RECURSIVE_SEARCH_PATH_SUBDIRECTORIES = "";
				LIBRARY_SEARCH_PATHS = "";
				MACOSX_DEPLOYMENT_TARGET = 11.1;
				OTHER_CODE_SIGN_FLAGS = "--deep";
				PRODUCT_BUNDLE_IDENTIFIER = com.bao;
				PRODUCT_NAME = "$(TARGET_NAME)";
				REZ_SEARCH_PATHS = "";
				SYSTEM_FRAMEWORK_SEARCH_PATHS = "";
				SYSTEM_HEADER_SEARCH_PATHS = "";
				USER_HEADER_SEARCH_PATHS = "";
			};
			name = Release;
		};
		BCF87B8F26EA1C7F00931C46 /* Debug */ = {
			isa = XCBuildConfiguration;
			buildSettings = {
				ALWAYS_SEARCH_USER_PATHS = NO;
				CODE_SIGN_ENTITLEMENTS = Test/Test.entitlements;
				CODE_SIGN_IDENTITY = "-";
				CODE_SIGN_STYLE = Automatic;
				DEVELOPMENT_TEAM = 7ZHQZR3FTK;
				ENABLE_HARDENED_RUNTIME = YES;
				FRAMEWORK_SEARCH_PATHS = (
					"$(inherited)",
					"$(LOCAL_LIBRARY_DIR)/Frameworks",
					"$(PROJECT_DIR)/CPP/libs",
				);
				MACOSX_DEPLOYMENT_TARGET = 11.3;
				PRODUCT_BUNDLE_IDENTIFIER = com.test;
				PRODUCT_NAME = "$(TARGET_NAME)";
			};
			name = Debug;
		};
		BCF87B9026EA1C7F00931C46 /* Release */ = {
			isa = XCBuildConfiguration;
			buildSettings = {
				ALWAYS_SEARCH_USER_PATHS = NO;
				CODE_SIGN_ENTITLEMENTS = Test/Test.entitlements;
				CODE_SIGN_IDENTITY = "-";
				CODE_SIGN_STYLE = Automatic;
				DEVELOPMENT_TEAM = 7ZHQZR3FTK;
				ENABLE_HARDENED_RUNTIME = YES;
				FRAMEWORK_SEARCH_PATHS = (
					"$(inherited)",
					"$(LOCAL_LIBRARY_DIR)/Frameworks",
					"$(PROJECT_DIR)/CPP/libs",
				);
				MACOSX_DEPLOYMENT_TARGET = 11.3;
				PRODUCT_BUNDLE_IDENTIFIER = com.test;
				PRODUCT_NAME = "$(TARGET_NAME)";
			};
			name = Release;
		};
/* End XCBuildConfiguration section */

/* Begin XCConfigurationList section */
		BC3B6BD526B72AD20075123C /* Build configuration list for PBXProject "CPP" */ = {
			isa = XCConfigurationList;
			buildConfigurations = (
				BC3B6BDF26B72AD20075123C /* Debug */,
				BC3B6BE026B72AD20075123C /* Release */,
			);
			defaultConfigurationIsVisible = 0;
			defaultConfigurationName = Release;
		};
		BC3B6BE126B72AD20075123C /* Build configuration list for PBXNativeTarget "CPP" */ = {
			isa = XCConfigurationList;
			buildConfigurations = (
				BC3B6BE226B72AD20075123C /* Debug */,
				BC3B6BE326B72AD20075123C /* Release */,
			);
			defaultConfigurationIsVisible = 0;
			defaultConfigurationName = Release;
		};
		BCF87B8E26EA1C7F00931C46 /* Build configuration list for PBXNativeTarget "Test" */ = {
			isa = XCConfigurationList;
			buildConfigurations = (
				BCF87B8F26EA1C7F00931C46 /* Debug */,
				BCF87B9026EA1C7F00931C46 /* Release */,
			);
			defaultConfigurationIsVisible = 0;
			defaultConfigurationName = Release;
		};
/* End XCConfigurationList section */
	};
	rootObject = BC3B6BD226B72AD20075123C /* Project object */;
}
